
Microsoft Visual Studio Solution File, Format Version 12.00
# Visual Studio Version 17
VisualStudioVersion = 17.11.35222.181
MinimumVisualStudioVersion = 10.0.40219.1
Project("{FAE04EC0-301F-11D3-BF4B-00C04F79EFBC}") = "Konyvek_dolgozat", "Konyvek_dolgozat.csproj", "{7BE850BF-B9E5-4AEF-963A-5EF6ED2992D7}"
EndProject
Global
	GlobalSection(SolutionConfigurationPlatforms) = preSolution
		Debug|Any CPU = Debug|Any CPU
		Release|Any CPU = Release|Any CPU
	EndGlobalSection
	GlobalSection(ProjectConfigurationPlatforms) = postSolution
		{7BE850BF-B9E5-4AEF-963A-5EF6ED2992D7}.Debug|Any CPU.ActiveCfg = Debug|Any CPU
		{7BE850BF-B9E5-4AEF-963A-5EF6ED2992D7}.Debug|Any CPU.Build.0 = Debug|Any CPU
		{7BE850BF-B9E5-4AEF-963A-5EF6ED2992D7}.Release|Any CPU.ActiveCfg = Release|Any CPU
		{7BE850BF-B9E5-4AEF-963A-5EF6ED2992D7}.Release|Any CPU.Build.0 = Release|Any CPU
	EndGlobalSection
	GlobalSection(SolutionProperties) = preSolution
		HideSolutionNode = FALSE
	EndGlobalSection
	GlobalSection(ExtensibilityGlobals) = postSolution
		SolutionGuid = {F8C5AE2A-462B-4DA8-B976-01A82127B4A2}
	EndGlobalSection
EndGlobal
